// !$*UTF8*$!
{
	archiveVersion = 1;
	classes = {
	};
	objectVersion = 48;
	objects = {

/* Begin PBXBuildFile section */
		2D6F7274C96358DD4C971A8E /* Pods_gimme.framework in Frameworks */ = {isa = PBXBuildFile; fileRef = 55C582D2BE77F7706ECD11E4 /* Pods_gimme.framework */; };
		315913FE202F9DC800D9FD90 /* WishlistsViewController.swift in Sources */ = {isa = PBXBuildFile; fileRef = 315913FC202F9DC800D9FD90 /* WishlistsViewController.swift */; };
		315913FF202F9DC800D9FD90 /* FriendsViewController.swift in Sources */ = {isa = PBXBuildFile; fileRef = 315913FD202F9DC800D9FD90 /* FriendsViewController.swift */; };
		31591402202F9DDC00D9FD90 /* Wishlist.swift in Sources */ = {isa = PBXBuildFile; fileRef = 31591401202F9DDC00D9FD90 /* Wishlist.swift */; };
		31591405202FA08700D9FD90 /* WishlistTableViewCell.swift in Sources */ = {isa = PBXBuildFile; fileRef = 31591404202FA08700D9FD90 /* WishlistTableViewCell.swift */; };
		31591407202FA59700D9FD90 /* ItemsViewController.swift in Sources */ = {isa = PBXBuildFile; fileRef = 31591406202FA59700D9FD90 /* ItemsViewController.swift */; };
		3159140A202FA5FF00D9FD90 /* Segues.swift in Sources */ = {isa = PBXBuildFile; fileRef = 31591409202FA5FF00D9FD90 /* Segues.swift */; };
		3159140C202FA63500D9FD90 /* Cells.swift in Sources */ = {isa = PBXBuildFile; fileRef = 3159140B202FA63500D9FD90 /* Cells.swift */; };
		3159140E202FA8FF00D9FD90 /* FacebookLoginController.swift in Sources */ = {isa = PBXBuildFile; fileRef = 3159140D202FA8FF00D9FD90 /* FacebookLoginController.swift */; };
		31591412202FB38600D9FD90 /* Item.swift in Sources */ = {isa = PBXBuildFile; fileRef = 31591411202FB38600D9FD90 /* Item.swift */; };
		31591416202FB65500D9FD90 /* ItemTableViewCell.swift in Sources */ = {isa = PBXBuildFile; fileRef = 31591415202FB65500D9FD90 /* ItemTableViewCell.swift */; };
		31591418203096A900D9FD90 /* NewWishlistViewController.swift in Sources */ = {isa = PBXBuildFile; fileRef = 31591417203096A900D9FD90 /* NewWishlistViewController.swift */; };
		3159141A2030C8D100D9FD90 /* NewItemViewController.swift in Sources */ = {isa = PBXBuildFile; fileRef = 315914192030C8D100D9FD90 /* NewItemViewController.swift */; };
		31D62FCF2038D4550035D87A /* ImageCache.swift in Sources */ = {isa = PBXBuildFile; fileRef = 31D62FCE2038D4550035D87A /* ImageCache.swift */; };
		31D62FD22038D7A40035D87A /* LinkedList.swift in Sources */ = {isa = PBXBuildFile; fileRef = 31D62FD12038D7A40035D87A /* LinkedList.swift */; };
		31D62FD42038E55F0035D87A /* ItemViewController.swift in Sources */ = {isa = PBXBuildFile; fileRef = 31D62FD32038E55F0035D87A /* ItemViewController.swift */; };
		31D62FD72038FC880035D87A /* Alerts.swift in Sources */ = {isa = PBXBuildFile; fileRef = 31D62FD62038FC870035D87A /* Alerts.swift */; };
		31D62FD92038FCF10035D87A /* Buttons.swift in Sources */ = {isa = PBXBuildFile; fileRef = 31D62FD82038FCF10035D87A /* Buttons.swift */; };
		F6480D0B202F805B003485D0 /* AppDelegate.swift in Sources */ = {isa = PBXBuildFile; fileRef = F6480D0A202F805B003485D0 /* AppDelegate.swift */; };
		F6480D12202F805B003485D0 /* Main.storyboard in Resources */ = {isa = PBXBuildFile; fileRef = F6480D10202F805B003485D0 /* Main.storyboard */; };
		F6480D14202F805B003485D0 /* Assets.xcassets in Resources */ = {isa = PBXBuildFile; fileRef = F6480D13202F805B003485D0 /* Assets.xcassets */; };
		F6480D17202F805B003485D0 /* LaunchScreen.storyboard in Resources */ = {isa = PBXBuildFile; fileRef = F6480D15202F805B003485D0 /* LaunchScreen.storyboard */; };
		F6FAAE6D202F974E0010337A /* GoogleService-Info.plist in Resources */ = {isa = PBXBuildFile; fileRef = F6FAAE6C202F974E0010337A /* GoogleService-Info.plist */; };
/* End PBXBuildFile section */

/* Begin PBXFileReference section */
		315913FC202F9DC800D9FD90 /* WishlistsViewController.swift */ = {isa = PBXFileReference; fileEncoding = 4; lastKnownFileType = sourcecode.swift; name = WishlistsViewController.swift; path = gimme/controllers/WishlistsViewController.swift; sourceTree = SOURCE_ROOT; };
		315913FD202F9DC800D9FD90 /* FriendsViewController.swift */ = {isa = PBXFileReference; fileEncoding = 4; lastKnownFileType = sourcecode.swift; name = FriendsViewController.swift; path = gimme/controllers/FriendsViewController.swift; sourceTree = SOURCE_ROOT; };
		31591401202F9DDC00D9FD90 /* Wishlist.swift */ = {isa = PBXFileReference; fileEncoding = 4; lastKnownFileType = sourcecode.swift; name = Wishlist.swift; path = gimme/models/Wishlist.swift; sourceTree = SOURCE_ROOT; };
		31591404202FA08700D9FD90 /* WishlistTableViewCell.swift */ = {isa = PBXFileReference; lastKnownFileType = sourcecode.swift; path = WishlistTableViewCell.swift; sourceTree = "<group>"; };
		31591406202FA59700D9FD90 /* ItemsViewController.swift */ = {isa = PBXFileReference; lastKnownFileType = sourcecode.swift; name = ItemsViewController.swift; path = gimme/controllers/ItemsViewController.swift; sourceTree = SOURCE_ROOT; };
		31591409202FA5FF00D9FD90 /* Segues.swift */ = {isa = PBXFileReference; lastKnownFileType = sourcecode.swift; path = Segues.swift; sourceTree = "<group>"; };
		3159140B202FA63500D9FD90 /* Cells.swift */ = {isa = PBXFileReference; lastKnownFileType = sourcecode.swift; path = Cells.swift; sourceTree = "<group>"; };
		3159140D202FA8FF00D9FD90 /* FacebookLoginController.swift */ = {isa = PBXFileReference; fileEncoding = 4; lastKnownFileType = sourcecode.swift; name = FacebookLoginController.swift; path = gimme/controllers/FacebookLoginController.swift; sourceTree = SOURCE_ROOT; };
		31591411202FB38600D9FD90 /* Item.swift */ = {isa = PBXFileReference; lastKnownFileType = sourcecode.swift; name = Item.swift; path = gimme/models/Item.swift; sourceTree = SOURCE_ROOT; };
		31591415202FB65500D9FD90 /* ItemTableViewCell.swift */ = {isa = PBXFileReference; lastKnownFileType = sourcecode.swift; path = ItemTableViewCell.swift; sourceTree = "<group>"; };
		31591417203096A900D9FD90 /* NewWishlistViewController.swift */ = {isa = PBXFileReference; lastKnownFileType = sourcecode.swift; name = NewWishlistViewController.swift; path = gimme/controllers/NewWishlistViewController.swift; sourceTree = SOURCE_ROOT; };
		315914192030C8D100D9FD90 /* NewItemViewController.swift */ = {isa = PBXFileReference; lastKnownFileType = sourcecode.swift; name = NewItemViewController.swift; path = gimme/controllers/NewItemViewController.swift; sourceTree = SOURCE_ROOT; };
		31D62FCE2038D4550035D87A /* ImageCache.swift */ = {isa = PBXFileReference; lastKnownFileType = sourcecode.swift; path = ImageCache.swift; sourceTree = "<group>"; };
		31D62FD12038D7A40035D87A /* LinkedList.swift */ = {isa = PBXFileReference; lastKnownFileType = sourcecode.swift; path = LinkedList.swift; sourceTree = "<group>"; };
		31D62FD32038E55F0035D87A /* ItemViewController.swift */ = {isa = PBXFileReference; lastKnownFileType = sourcecode.swift; name = ItemViewController.swift; path = gimme/controllers/ItemViewController.swift; sourceTree = SOURCE_ROOT; };
		31D62FD62038FC870035D87A /* Alerts.swift */ = {isa = PBXFileReference; lastKnownFileType = sourcecode.swift; path = Alerts.swift; sourceTree = "<group>"; };
		31D62FD82038FCF10035D87A /* Buttons.swift */ = {isa = PBXFileReference; lastKnownFileType = sourcecode.swift; path = Buttons.swift; sourceTree = "<group>"; };
		3E39C35FB6D1A11A7B1E9180 /* Pods-gimme.release.xcconfig */ = {isa = PBXFileReference; includeInIndex = 1; lastKnownFileType = text.xcconfig; name = "Pods-gimme.release.xcconfig"; path = "Pods/Target Support Files/Pods-gimme/Pods-gimme.release.xcconfig"; sourceTree = "<group>"; };
		55C582D2BE77F7706ECD11E4 /* Pods_gimme.framework */ = {isa = PBXFileReference; explicitFileType = wrapper.framework; includeInIndex = 0; path = Pods_gimme.framework; sourceTree = BUILT_PRODUCTS_DIR; };
		D3E7BD6250BF84DAE2A9A831 /* Pods-gimme.debug.xcconfig */ = {isa = PBXFileReference; includeInIndex = 1; lastKnownFileType = text.xcconfig; name = "Pods-gimme.debug.xcconfig"; path = "Pods/Target Support Files/Pods-gimme/Pods-gimme.debug.xcconfig"; sourceTree = "<group>"; };
		F6480D07202F805B003485D0 /* gimme.app */ = {isa = PBXFileReference; explicitFileType = wrapper.application; includeInIndex = 0; path = gimme.app; sourceTree = BUILT_PRODUCTS_DIR; };
		F6480D0A202F805B003485D0 /* AppDelegate.swift */ = {isa = PBXFileReference; lastKnownFileType = sourcecode.swift; path = AppDelegate.swift; sourceTree = "<group>"; };
		F6480D11202F805B003485D0 /* Base */ = {isa = PBXFileReference; lastKnownFileType = file.storyboard; name = Base; path = Base.lproj/Main.storyboard; sourceTree = "<group>"; };
		F6480D13202F805B003485D0 /* Assets.xcassets */ = {isa = PBXFileReference; lastKnownFileType = folder.assetcatalog; path = Assets.xcassets; sourceTree = "<group>"; };
		F6480D16202F805B003485D0 /* Base */ = {isa = PBXFileReference; lastKnownFileType = file.storyboard; name = Base; path = Base.lproj/LaunchScreen.storyboard; sourceTree = "<group>"; };
		F6480D18202F805B003485D0 /* Info.plist */ = {isa = PBXFileReference; lastKnownFileType = text.plist.xml; path = Info.plist; sourceTree = "<group>"; };
		F6FAAE6C202F974E0010337A /* GoogleService-Info.plist */ = {isa = PBXFileReference; fileEncoding = 4; lastKnownFileType = text.plist.xml; path = "GoogleService-Info.plist"; sourceTree = "<group>"; };
/* End PBXFileReference section */

/* Begin PBXFrameworksBuildPhase section */
		F6480D04202F805B003485D0 /* Frameworks */ = {
			isa = PBXFrameworksBuildPhase;
			buildActionMask = 2147483647;
			files = (
				2D6F7274C96358DD4C971A8E /* Pods_gimme.framework in Frameworks */,
			);
			runOnlyForDeploymentPostprocessing = 0;
		};
/* End PBXFrameworksBuildPhase section */

/* Begin PBXGroup section */
		315913FB202F9D9700D9FD90 /* controllers */ = {
			isa = PBXGroup;
			children = (
				3159140D202FA8FF00D9FD90 /* FacebookLoginController.swift */,
				315913FD202F9DC800D9FD90 /* FriendsViewController.swift */,
				315913FC202F9DC800D9FD90 /* WishlistsViewController.swift */,
				31591406202FA59700D9FD90 /* ItemsViewController.swift */,
				31591417203096A900D9FD90 /* NewWishlistViewController.swift */,
				315914192030C8D100D9FD90 /* NewItemViewController.swift */,
				31D62FD32038E55F0035D87A /* ItemViewController.swift */,
			);
			name = controllers;
			path = "New Group";
			sourceTree = "<group>";
		};
		31591400202F9DCE00D9FD90 /* models */ = {
			isa = PBXGroup;
			children = (
				31591401202F9DDC00D9FD90 /* Wishlist.swift */,
				31591411202FB38600D9FD90 /* Item.swift */,
			);
			name = models;
			path = "New Group";
			sourceTree = "<group>";
		};
		31591403202FA05600D9FD90 /* table-view-cells */ = {
			isa = PBXGroup;
			children = (
				31591404202FA08700D9FD90 /* WishlistTableViewCell.swift */,
				31591415202FB65500D9FD90 /* ItemTableViewCell.swift */,
			);
			path = "table-view-cells";
			sourceTree = "<group>";
		};
		31591408202FA5EC00D9FD90 /* identifiers */ = {
			isa = PBXGroup;
			children = (
				31591409202FA5FF00D9FD90 /* Segues.swift */,
				3159140B202FA63500D9FD90 /* Cells.swift */,
			);
			path = identifiers;
			sourceTree = "<group>";
		};
		31D62FCD2038D4280035D87A /* cache */ = {
			isa = PBXGroup;
			children = (
				31D62FCE2038D4550035D87A /* ImageCache.swift */,
			);
			path = cache;
			sourceTree = "<group>";
		};
		31D62FD02038D7930035D87A /* utils */ = {
			isa = PBXGroup;
			children = (
				31D62FD12038D7A40035D87A /* LinkedList.swift */,
			);
			path = utils;
			sourceTree = "<group>";
		};
		31D62FD52038FC6A0035D87A /* labels */ = {
			isa = PBXGroup;
			children = (
				31D62FD62038FC870035D87A /* Alerts.swift */,
				31D62FD82038FCF10035D87A /* Buttons.swift */,
			);
			path = labels;
			sourceTree = "<group>";
		};
		80C9D8CF0BAE4B0B82CE3076 /* Pods */ = {
			isa = PBXGroup;
			children = (
				D3E7BD6250BF84DAE2A9A831 /* Pods-gimme.debug.xcconfig */,
				3E39C35FB6D1A11A7B1E9180 /* Pods-gimme.release.xcconfig */,
			);
			name = Pods;
			sourceTree = "<group>";
		};
		EF2C1ADFE31CA97F970E368A /* Frameworks */ = {
			isa = PBXGroup;
			children = (
				55C582D2BE77F7706ECD11E4 /* Pods_gimme.framework */,
			);
			name = Frameworks;
			sourceTree = "<group>";
		};
		F6480CFE202F805B003485D0 = {
			isa = PBXGroup;
			children = (
				F6480D09202F805B003485D0 /* gimme */,
				F6480D08202F805B003485D0 /* Products */,
				80C9D8CF0BAE4B0B82CE3076 /* Pods */,
				EF2C1ADFE31CA97F970E368A /* Frameworks */,
			);
			sourceTree = "<group>";
		};
		F6480D08202F805B003485D0 /* Products */ = {
			isa = PBXGroup;
			children = (
				F6480D07202F805B003485D0 /* gimme.app */,
			);
			name = Products;
			sourceTree = "<group>";
		};
		F6480D09202F805B003485D0 /* gimme */ = {
			isa = PBXGroup;
			children = (
				31D62FD52038FC6A0035D87A /* labels */,
				31D62FD02038D7930035D87A /* utils */,
				31D62FCD2038D4280035D87A /* cache */,
				31591408202FA5EC00D9FD90 /* identifiers */,
				31591403202FA05600D9FD90 /* table-view-cells */,
				31591400202F9DCE00D9FD90 /* models */,
				315913FB202F9D9700D9FD90 /* controllers */,
				F6480D0A202F805B003485D0 /* AppDelegate.swift */,
				F6480D10202F805B003485D0 /* Main.storyboard */,
				F6480D13202F805B003485D0 /* Assets.xcassets */,
				F6480D15202F805B003485D0 /* LaunchScreen.storyboard */,
				F6480D18202F805B003485D0 /* Info.plist */,
				F6FAAE6C202F974E0010337A /* GoogleService-Info.plist */,
			);
			path = gimme;
			sourceTree = "<group>";
		};
/* End PBXGroup section */

/* Begin PBXNativeTarget section */
		F6480D06202F805B003485D0 /* gimme */ = {
			isa = PBXNativeTarget;
			buildConfigurationList = F6480D1B202F805B003485D0 /* Build configuration list for PBXNativeTarget "gimme" */;
			buildPhases = (
				6F417CE1152DFC1E98AFC051 /* [CP] Check Pods Manifest.lock */,
				F6480D03202F805B003485D0 /* Sources */,
				F6480D04202F805B003485D0 /* Frameworks */,
				F6480D05202F805B003485D0 /* Resources */,
				9E2ED9251ED6252E7F1BA1EB /* [CP] Embed Pods Frameworks */,
				CD0C630B8BC786C659D34148 /* [CP] Copy Pods Resources */,
			);
			buildRules = (
			);
			dependencies = (
			);
			name = gimme;
			productName = gimme;
			productReference = F6480D07202F805B003485D0 /* gimme.app */;
			productType = "com.apple.product-type.application";
		};
/* End PBXNativeTarget section */

/* Begin PBXProject section */
		F6480CFF202F805B003485D0 /* Project object */ = {
			isa = PBXProject;
			attributes = {
				LastSwiftUpdateCheck = 0920;
				LastUpgradeCheck = 0920;
				ORGANIZATIONNAME = lepookey;
				TargetAttributes = {
					F6480D06202F805B003485D0 = {
						CreatedOnToolsVersion = 9.2;
						ProvisioningStyle = Automatic;
					};
				};
			};
			buildConfigurationList = F6480D02202F805B003485D0 /* Build configuration list for PBXProject "gimme" */;
			compatibilityVersion = "Xcode 8.0";
			developmentRegion = en;
			hasScannedForEncodings = 0;
			knownRegions = (
				en,
				Base,
			);
			mainGroup = F6480CFE202F805B003485D0;
			productRefGroup = F6480D08202F805B003485D0 /* Products */;
			projectDirPath = "";
			projectRoot = "";
			targets = (
				F6480D06202F805B003485D0 /* gimme */,
			);
		};
/* End PBXProject section */

/* Begin PBXResourcesBuildPhase section */
		F6480D05202F805B003485D0 /* Resources */ = {
			isa = PBXResourcesBuildPhase;
			buildActionMask = 2147483647;
			files = (
				F6480D17202F805B003485D0 /* LaunchScreen.storyboard in Resources */,
				F6FAAE6D202F974E0010337A /* GoogleService-Info.plist in Resources */,
				F6480D14202F805B003485D0 /* Assets.xcassets in Resources */,
				F6480D12202F805B003485D0 /* Main.storyboard in Resources */,
			);
			runOnlyForDeploymentPostprocessing = 0;
		};
/* End PBXResourcesBuildPhase section */

/* Begin PBXShellScriptBuildPhase section */
		6F417CE1152DFC1E98AFC051 /* [CP] Check Pods Manifest.lock */ = {
			isa = PBXShellScriptBuildPhase;
			buildActionMask = 2147483647;
			files = (
			);
			inputPaths = (
				"${PODS_PODFILE_DIR_PATH}/Podfile.lock",
				"${PODS_ROOT}/Manifest.lock",
			);
			name = "[CP] Check Pods Manifest.lock";
			outputPaths = (
				"$(DERIVED_FILE_DIR)/Pods-gimme-checkManifestLockResult.txt",
			);
			runOnlyForDeploymentPostprocessing = 0;
			shellPath = /bin/sh;
			shellScript = "diff \"${PODS_PODFILE_DIR_PATH}/Podfile.lock\" \"${PODS_ROOT}/Manifest.lock\" > /dev/null\nif [ $? != 0 ] ; then\n    # print error to STDERR\n    echo \"error: The sandbox is not in sync with the Podfile.lock. Run 'pod install' or update your CocoaPods installation.\" >&2\n    exit 1\nfi\n# This output is used by Xcode 'outputs' to avoid re-running this script phase.\necho \"SUCCESS\" > \"${SCRIPT_OUTPUT_FILE_0}\"\n";
			showEnvVarsInLog = 0;
		};
		9E2ED9251ED6252E7F1BA1EB /* [CP] Embed Pods Frameworks */ = {
			isa = PBXShellScriptBuildPhase;
			buildActionMask = 2147483647;
			files = (
			);
			inputPaths = (
				"${SRCROOT}/Pods/Target Support Files/Pods-gimme/Pods-gimme-frameworks.sh",
				"${BUILT_PRODUCTS_DIR}/Bolts/Bolts.framework",
				"${BUILT_PRODUCTS_DIR}/FBSDKCoreKit/FBSDKCoreKit.framework",
				"${BUILT_PRODUCTS_DIR}/FBSDKLoginKit/FBSDKLoginKit.framework",
				"${BUILT_PRODUCTS_DIR}/FacebookCore/FacebookCore.framework",
				"${BUILT_PRODUCTS_DIR}/FacebookLogin/FacebookLogin.framework",
				"${BUILT_PRODUCTS_DIR}/GTMSessionFetcher/GTMSessionFetcher.framework",
				"${BUILT_PRODUCTS_DIR}/GoogleToolboxForMac/GoogleToolboxForMac.framework",
				"${BUILT_PRODUCTS_DIR}/leveldb-library/leveldb.framework",
				"${BUILT_PRODUCTS_DIR}/nanopb/nanopb.framework",
			);
			name = "[CP] Embed Pods Frameworks";
			outputPaths = (
				"${TARGET_BUILD_DIR}/${FRAMEWORKS_FOLDER_PATH}/Bolts.framework",
				"${TARGET_BUILD_DIR}/${FRAMEWORKS_FOLDER_PATH}/FBSDKCoreKit.framework",
				"${TARGET_BUILD_DIR}/${FRAMEWORKS_FOLDER_PATH}/FBSDKLoginKit.framework",
				"${TARGET_BUILD_DIR}/${FRAMEWORKS_FOLDER_PATH}/FacebookCore.framework",
				"${TARGET_BUILD_DIR}/${FRAMEWORKS_FOLDER_PATH}/FacebookLogin.framework",
				"${TARGET_BUILD_DIR}/${FRAMEWORKS_FOLDER_PATH}/GTMSessionFetcher.framework",
				"${TARGET_BUILD_DIR}/${FRAMEWORKS_FOLDER_PATH}/GoogleToolboxForMac.framework",
				"${TARGET_BUILD_DIR}/${FRAMEWORKS_FOLDER_PATH}/leveldb.framework",
				"${TARGET_BUILD_DIR}/${FRAMEWORKS_FOLDER_PATH}/nanopb.framework",
			);
			runOnlyForDeploymentPostprocessing = 0;
			shellPath = /bin/sh;
			shellScript = "\"${SRCROOT}/Pods/Target Support Files/Pods-gimme/Pods-gimme-frameworks.sh\"\n";
			showEnvVarsInLog = 0;
		};
		CD0C630B8BC786C659D34148 /* [CP] Copy Pods Resources */ = {
			isa = PBXShellScriptBuildPhase;
			buildActionMask = 2147483647;
			files = (
			);
			inputPaths = (
			);
			name = "[CP] Copy Pods Resources";
			outputPaths = (
			);
			runOnlyForDeploymentPostprocessing = 0;
			shellPath = /bin/sh;
			shellScript = "\"${SRCROOT}/Pods/Target Support Files/Pods-gimme/Pods-gimme-resources.sh\"\n";
			showEnvVarsInLog = 0;
		};
/* End PBXShellScriptBuildPhase section */

/* Begin PBXSourcesBuildPhase section */
		F6480D03202F805B003485D0 /* Sources */ = {
			isa = PBXSourcesBuildPhase;
			buildActionMask = 2147483647;
			files = (
				31591412202FB38600D9FD90 /* Item.swift in Sources */,
				31D62FD42038E55F0035D87A /* ItemViewController.swift in Sources */,
				315913FF202F9DC800D9FD90 /* FriendsViewController.swift in Sources */,
				31591402202F9DDC00D9FD90 /* Wishlist.swift in Sources */,
				31591405202FA08700D9FD90 /* WishlistTableViewCell.swift in Sources */,
				3159140A202FA5FF00D9FD90 /* Segues.swift in Sources */,
				3159140E202FA8FF00D9FD90 /* FacebookLoginController.swift in Sources */,
				3159140C202FA63500D9FD90 /* Cells.swift in Sources */,
				315913FE202F9DC800D9FD90 /* WishlistsViewController.swift in Sources */,
				31D62FD92038FCF10035D87A /* Buttons.swift in Sources */,
				31591407202FA59700D9FD90 /* ItemsViewController.swift in Sources */,
				31D62FD72038FC880035D87A /* Alerts.swift in Sources */,
				31591416202FB65500D9FD90 /* ItemTableViewCell.swift in Sources */,
				31591418203096A900D9FD90 /* NewWishlistViewController.swift in Sources */,
				F6480D0B202F805B003485D0 /* AppDelegate.swift in Sources */,
				31D62FD22038D7A40035D87A /* LinkedList.swift in Sources */,
				31D62FCF2038D4550035D87A /* ImageCache.swift in Sources */,
				3159141A2030C8D100D9FD90 /* NewItemViewController.swift in Sources */,
			);
			runOnlyForDeploymentPostprocessing = 0;
		};
/* End PBXSourcesBuildPhase section */

/* Begin PBXVariantGroup section */
		F6480D10202F805B003485D0 /* Main.storyboard */ = {
			isa = PBXVariantGroup;
			children = (
				F6480D11202F805B003485D0 /* Base */,
			);
			name = Main.storyboard;
			sourceTree = "<group>";
		};
		F6480D15202F805B003485D0 /* LaunchScreen.storyboard */ = {
			isa = PBXVariantGroup;
			children = (
				F6480D16202F805B003485D0 /* Base */,
			);
			name = LaunchScreen.storyboard;
			sourceTree = "<group>";
		};
/* End PBXVariantGroup section */

/* Begin XCBuildConfiguration section */
		F6480D19202F805B003485D0 /* Debug */ = {
			isa = XCBuildConfiguration;
			buildSettings = {
				ALWAYS_SEARCH_USER_PATHS = NO;
				CLANG_ANALYZER_NONNULL = YES;
				CLANG_ANALYZER_NUMBER_OBJECT_CONVERSION = YES_AGGRESSIVE;
				CLANG_CXX_LANGUAGE_STANDARD = "gnu++14";
				CLANG_CXX_LIBRARY = "libc++";
				CLANG_ENABLE_MODULES = YES;
				CLANG_ENABLE_OBJC_ARC = YES;
				CLANG_WARN_BLOCK_CAPTURE_AUTORELEASING = YES;
				CLANG_WARN_BOOL_CONVERSION = YES;
				CLANG_WARN_COMMA = YES;
				CLANG_WARN_CONSTANT_CONVERSION = YES;
				CLANG_WARN_DIRECT_OBJC_ISA_USAGE = YES_ERROR;
				CLANG_WARN_DOCUMENTATION_COMMENTS = YES;
				CLANG_WARN_EMPTY_BODY = YES;
				CLANG_WARN_ENUM_CONVERSION = YES;
				CLANG_WARN_INFINITE_RECURSION = YES;
				CLANG_WARN_INT_CONVERSION = YES;
				CLANG_WARN_NON_LITERAL_NULL_CONVERSION = YES;
				CLANG_WARN_OBJC_LITERAL_CONVERSION = YES;
				CLANG_WARN_OBJC_ROOT_CLASS = YES_ERROR;
				CLANG_WARN_RANGE_LOOP_ANALYSIS = YES;
				CLANG_WARN_STRICT_PROTOTYPES = YES;
				CLANG_WARN_SUSPICIOUS_MOVE = YES;
				CLANG_WARN_UNGUARDED_AVAILABILITY = YES_AGGRESSIVE;
				CLANG_WARN_UNREACHABLE_CODE = YES;
				CLANG_WARN__DUPLICATE_METHOD_MATCH = YES;
				CODE_SIGN_IDENTITY = "iPhone Developer";
				COPY_PHASE_STRIP = NO;
				DEBUG_INFORMATION_FORMAT = dwarf;
				ENABLE_STRICT_OBJC_MSGSEND = YES;
				ENABLE_TESTABILITY = YES;
				GCC_C_LANGUAGE_STANDARD = gnu11;
				GCC_DYNAMIC_NO_PIC = NO;
				GCC_NO_COMMON_BLOCKS = YES;
				GCC_OPTIMIZATION_LEVEL = 0;
				GCC_PREPROCESSOR_DEFINITIONS = (
					"DEBUG=1",
					"$(inherited)",
				);
				GCC_WARN_64_TO_32_BIT_CONVERSION = YES;
				GCC_WARN_ABOUT_RETURN_TYPE = YES_ERROR;
				GCC_WARN_UNDECLARED_SELECTOR = YES;
				GCC_WARN_UNINITIALIZED_AUTOS = YES_AGGRESSIVE;
				GCC_WARN_UNUSED_FUNCTION = YES;
				GCC_WARN_UNUSED_VARIABLE = YES;
				IPHONEOS_DEPLOYMENT_TARGET = 11.2;
				MTL_ENABLE_DEBUG_INFO = YES;
				ONLY_ACTIVE_ARCH = YES;
				SDKROOT = iphoneos;
				SWIFT_ACTIVE_COMPILATION_CONDITIONS = DEBUG;
				SWIFT_OPTIMIZATION_LEVEL = "-Onone";
			};
			name = Debug;
		};
		F6480D1A202F805B003485D0 /* Release */ = {
			isa = XCBuildConfiguration;
			buildSettings = {
				ALWAYS_SEARCH_USER_PATHS = NO;
				CLANG_ANALYZER_NONNULL = YES;
				CLANG_ANALYZER_NUMBER_OBJECT_CONVERSION = YES_AGGRESSIVE;
				CLANG_CXX_LANGUAGE_STANDARD = "gnu++14";
				CLANG_CXX_LIBRARY = "libc++";
				CLANG_ENABLE_MODULES = YES;
				CLANG_ENABLE_OBJC_ARC = YES;
				CLANG_WARN_BLOCK_CAPTURE_AUTORELEASING = YES;
				CLANG_WARN_BOOL_CONVERSION = YES;
				CLANG_WARN_COMMA = YES;
				CLANG_WARN_CONSTANT_CONVERSION = YES;
				CLANG_WARN_DIRECT_OBJC_ISA_USAGE = YES_ERROR;
				CLANG_WARN_DOCUMENTATION_COMMENTS = YES;
				CLANG_WARN_EMPTY_BODY = YES;
				CLANG_WARN_ENUM_CONVERSION = YES;
				CLANG_WARN_INFINITE_RECURSION = YES;
				CLANG_WARN_INT_CONVERSION = YES;
				CLANG_WARN_NON_LITERAL_NULL_CONVERSION = YES;
				CLANG_WARN_OBJC_LITERAL_CONVERSION = YES;
				CLANG_WARN_OBJC_ROOT_CLASS = YES_ERROR;
				CLANG_WARN_RANGE_LOOP_ANALYSIS = YES;
				CLANG_WARN_STRICT_PROTOTYPES = YES;
				CLANG_WARN_SUSPICIOUS_MOVE = YES;
				CLANG_WARN_UNGUARDED_AVAILABILITY = YES_AGGRESSIVE;
				CLANG_WARN_UNREACHABLE_CODE = YES;
				CLANG_WARN__DUPLICATE_METHOD_MATCH = YES;
				CODE_SIGN_IDENTITY = "iPhone Developer";
				COPY_PHASE_STRIP = NO;
				DEBUG_INFORMATION_FORMAT = "dwarf-with-dsym";
				ENABLE_NS_ASSERTIONS = NO;
				ENABLE_STRICT_OBJC_MSGSEND = YES;
				GCC_C_LANGUAGE_STANDARD = gnu11;
				GCC_NO_COMMON_BLOCKS = YES;
				GCC_WARN_64_TO_32_BIT_CONVERSION = YES;
				GCC_WARN_ABOUT_RETURN_TYPE = YES_ERROR;
				GCC_WARN_UNDECLARED_SELECTOR = YES;
				GCC_WARN_UNINITIALIZED_AUTOS = YES_AGGRESSIVE;
				GCC_WARN_UNUSED_FUNCTION = YES;
				GCC_WARN_UNUSED_VARIABLE = YES;
				IPHONEOS_DEPLOYMENT_TARGET = 11.2;
				MTL_ENABLE_DEBUG_INFO = NO;
				SDKROOT = iphoneos;
				SWIFT_OPTIMIZATION_LEVEL = "-Owholemodule";
				VALIDATE_PRODUCT = YES;
			};
			name = Release;
		};
		F6480D1C202F805B003485D0 /* Debug */ = {
			isa = XCBuildConfiguration;
			baseConfigurationReference = D3E7BD6250BF84DAE2A9A831 /* Pods-gimme.debug.xcconfig */;
			buildSettings = {
				ASSETCATALOG_COMPILER_APPICON_NAME = AppIcon;
				CODE_SIGN_STYLE = Automatic;
				DEVELOPMENT_TEAM = "";
				INFOPLIST_FILE = gimme/Info.plist;
				LD_RUNPATH_SEARCH_PATHS = "$(inherited) @executable_path/Frameworks";
				PRODUCT_BUNDLE_IDENTIFIER = com.lepook.gimme;
				PRODUCT_NAME = "$(TARGET_NAME)";
				SWIFT_VERSION = 4.0;
				TARGETED_DEVICE_FAMILY = "1,2";
			};
			name = Debug;
		};
		F6480D1D202F805B003485D0 /* Release */ = {
			isa = XCBuildConfiguration;
			baseConfigurationReference = 3E39C35FB6D1A11A7B1E9180 /* Pods-gimme.release.xcconfig */;
			buildSettings = {
				ASSETCATALOG_COMPILER_APPICON_NAME = AppIcon;
				CODE_SIGN_STYLE = Automatic;
				DEVELOPMENT_TEAM = "";
				INFOPLIST_FILE = gimme/Info.plist;
				LD_RUNPATH_SEARCH_PATHS = "$(inherited) @executable_path/Frameworks";
				PRODUCT_BUNDLE_IDENTIFIER = com.lepook.gimme;
				PRODUCT_NAME = "$(TARGET_NAME)";
				SWIFT_VERSION = 4.0;
				TARGETED_DEVICE_FAMILY = "1,2";
			};
			name = Release;
		};
/* End XCBuildConfiguration section */

/* Begin XCConfigurationList section */
		F6480D02202F805B003485D0 /* Build configuration list for PBXProject "gimme" */ = {
			isa = XCConfigurationList;
			buildConfigurations = (
				F6480D19202F805B003485D0 /* Debug */,
				F6480D1A202F805B003485D0 /* Release */,
			);
			defaultConfigurationIsVisible = 0;
			defaultConfigurationName = Release;
		};
		F6480D1B202F805B003485D0 /* Build configuration list for PBXNativeTarget "gimme" */ = {
			isa = XCConfigurationList;
			buildConfigurations = (
				F6480D1C202F805B003485D0 /* Debug */,
				F6480D1D202F805B003485D0 /* Release */,
			);
			defaultConfigurationIsVisible = 0;
			defaultConfigurationName = Release;
		};
/* End XCConfigurationList section */
	};
	rootObject = F6480CFF202F805B003485D0 /* Project object */;
}
